// !$*UTF8*$!
{
	archiveVersion = 1;
	classes = {
	};
	objectVersion = 56;
	objects = {

/* Begin PBXBuildFile section */
		3EDA5BC12D88299D00083DB6 /* NotesApp.swift in Sources */ = {isa = PBXBuildFile; fileRef = 3EDA5BC02D88299D00083DB6 /* NotesApp.swift */; };
		3EDA5BC32D88299D00083DB6 /* ContentView.swift in Sources */ = {isa = PBXBuildFile; fileRef = 3EDA5BC22D88299D00083DB6 /* ContentView.swift */; };
		3EDA5BC52D88299E00083DB6 /* Assets.xcassets in Resources */ = {isa = PBXBuildFile; fileRef = 3EDA5BC42D88299E00083DB6 /* Assets.xcassets */; };
		3EDA5BC82D88299E00083DB6 /* Preview Assets.xcassets in Resources */ = {isa = PBXBuildFile; fileRef = 3EDA5BC72D88299E00083DB6 /* Preview Assets.xcassets */; };
		3EDA5BD22D88299F00083DB6 /* NotesTests.swift in Sources */ = {isa = PBXBuildFile; fileRef = 3EDA5BD12D88299F00083DB6 /* NotesTests.swift */; };
		3EDA5BDC2D88299F00083DB6 /* NotesUITests.swift in Sources */ = {isa = PBXBuildFile; fileRef = 3EDA5BDB2D88299F00083DB6 /* NotesUITests.swift */; };
		3EDA5BDE2D88299F00083DB6 /* NotesUITestsLaunchTests.swift in Sources */ = {isa = PBXBuildFile; fileRef = 3EDA5BDD2D88299F00083DB6 /* NotesUITestsLaunchTests.swift */; };
		3EDA5BEB2D883D2600083DB6 /* CoreDataNotesViewModel.swift in Sources */ = {isa = PBXBuildFile; fileRef = 3EDA5BEA2D883D2600083DB6 /* CoreDataNotesViewModel.swift */; };
		3EE853B72D896732007088B0 /* Notes.xcdatamodeld in Sources */ = {isa = PBXBuildFile; fileRef = 3EE853B52D896732007088B0 /* Notes.xcdatamodeld */; };
		3EE853B92D8968E1007088B0 /* PersistenceController.swift in Sources */ = {isa = PBXBuildFile; fileRef = 3EE853B82D8968E1007088B0 /* PersistenceController.swift */; };
		3EE853BD2D897875007088B0 /* CoreDataStack.swift in Sources */ = {isa = PBXBuildFile; fileRef = 3EE853BC2D897875007088B0 /* CoreDataStack.swift */; };
/* End PBXBuildFile section */

/* Begin PBXContainerItemProxy section */
		3EDA5BCE2D88299F00083DB6 /* PBXContainerItemProxy */ = {
			isa = PBXContainerItemProxy;
			containerPortal = 3EDA5BB52D88299C00083DB6 /* Project object */;
			proxyType = 1;
			remoteGlobalIDString = 3EDA5BBC2D88299D00083DB6;
			remoteInfo = Notes;
		};
		3EDA5BD82D88299F00083DB6 /* PBXContainerItemProxy */ = {
			isa = PBXContainerItemProxy;
			containerPortal = 3EDA5BB52D88299C00083DB6 /* Project object */;
			proxyType = 1;
			remoteGlobalIDString = 3EDA5BBC2D88299D00083DB6;
			remoteInfo = Notes;
		};
/* End PBXContainerItemProxy section */

/* Begin PBXFileReference section */
		3EDA5BBD2D88299D00083DB6 /* Notes.app */ = {isa = PBXFileReference; explicitFileType = wrapper.application; includeInIndex = 0; path = Notes.app; sourceTree = BUILT_PRODUCTS_DIR; };
		3EDA5BC02D88299D00083DB6 /* NotesApp.swift */ = {isa = PBXFileReference; lastKnownFileType = sourcecode.swift; path = NotesApp.swift; sourceTree = "<group>"; };
		3EDA5BC22D88299D00083DB6 /* ContentView.swift */ = {isa = PBXFileReference; lastKnownFileType = sourcecode.swift; path = ContentView.swift; sourceTree = "<group>"; };
		3EDA5BC42D88299E00083DB6 /* Assets.xcassets */ = {isa = PBXFileReference; lastKnownFileType = folder.assetcatalog; path = Assets.xcassets; sourceTree = "<group>"; };
		3EDA5BC72D88299E00083DB6 /* Preview Assets.xcassets */ = {isa = PBXFileReference; lastKnownFileType = folder.assetcatalog; path = "Preview Assets.xcassets"; sourceTree = "<group>"; };
		3EDA5BCD2D88299F00083DB6 /* NotesTests.xctest */ = {isa = PBXFileReference; explicitFileType = wrapper.cfbundle; includeInIndex = 0; path = NotesTests.xctest; sourceTree = BUILT_PRODUCTS_DIR; };
		3EDA5BD12D88299F00083DB6 /* NotesTests.swift */ = {isa = PBXFileReference; lastKnownFileType = sourcecode.swift; path = NotesTests.swift; sourceTree = "<group>"; };
		3EDA5BD72D88299F00083DB6 /* NotesUITests.xctest */ = {isa = PBXFileReference; explicitFileType = wrapper.cfbundle; includeInIndex = 0; path = NotesUITests.xctest; sourceTree = BUILT_PRODUCTS_DIR; };
		3EDA5BDB2D88299F00083DB6 /* NotesUITests.swift */ = {isa = PBXFileReference; lastKnownFileType = sourcecode.swift; path = NotesUITests.swift; sourceTree = "<group>"; };
		3EDA5BDD2D88299F00083DB6 /* NotesUITestsLaunchTests.swift */ = {isa = PBXFileReference; lastKnownFileType = sourcecode.swift; path = NotesUITestsLaunchTests.swift; sourceTree = "<group>"; };
		3EDA5BEA2D883D2600083DB6 /* CoreDataNotesViewModel.swift */ = {isa = PBXFileReference; lastKnownFileType = sourcecode.swift; path = CoreDataNotesViewModel.swift; sourceTree = "<group>"; };
		3EE853B62D896732007088B0 /* Notes.xcdatamodel */ = {isa = PBXFileReference; lastKnownFileType = wrapper.xcdatamodel; path = Notes.xcdatamodel; sourceTree = "<group>"; };
		3EE853B82D8968E1007088B0 /* PersistenceController.swift */ = {isa = PBXFileReference; lastKnownFileType = sourcecode.swift; path = PersistenceController.swift; sourceTree = "<group>"; };
		3EE853BC2D897875007088B0 /* CoreDataStack.swift */ = {isa = PBXFileReference; lastKnownFileType = sourcecode.swift; path = CoreDataStack.swift; sourceTree = "<group>"; };
/* End PBXFileReference section */

/* Begin PBXFrameworksBuildPhase section */
		3EDA5BBA2D88299D00083DB6 /* Frameworks */ = {
			isa = PBXFrameworksBuildPhase;
			buildActionMask = 2147483647;
			files = (
			);
			runOnlyForDeploymentPostprocessing = 0;
		};
		3EDA5BCA2D88299F00083DB6 /* Frameworks */ = {
			isa = PBXFrameworksBuildPhase;
			buildActionMask = 2147483647;
			files = (
			);
			runOnlyForDeploymentPostprocessing = 0;
		};
		3EDA5BD42D88299F00083DB6 /* Frameworks */ = {
			isa = PBXFrameworksBuildPhase;
			buildActionMask = 2147483647;
			files = (
			);
			runOnlyForDeploymentPostprocessing = 0;
		};
/* End PBXFrameworksBuildPhase section */

/* Begin PBXGroup section */
		3EDA5BB42D88299C00083DB6 = {
			isa = PBXGroup;
			children = (
				3EE853B82D8968E1007088B0 /* PersistenceController.swift */,
				3EE853B52D896732007088B0 /* Notes.xcdatamodeld */,
				3EDA5BEA2D883D2600083DB6 /* CoreDataNotesViewModel.swift */,
				3EDA5BBF2D88299D00083DB6 /* Notes */,
				3EDA5BD02D88299F00083DB6 /* NotesTests */,
				3EDA5BDA2D88299F00083DB6 /* NotesUITests */,
				3EDA5BBE2D88299D00083DB6 /* Products */,
			);
			sourceTree = "<group>";
		};
		3EDA5BBE2D88299D00083DB6 /* Products */ = {
			isa = PBXGroup;
			children = (
				3EDA5BBD2D88299D00083DB6 /* Notes.app */,
				3EDA5BCD2D88299F00083DB6 /* NotesTests.xctest */,
				3EDA5BD72D88299F00083DB6 /* NotesUITests.xctest */,
			);
			name = Products;
			sourceTree = "<group>";
		};
		3EDA5BBF2D88299D00083DB6 /* Notes */ = {
			isa = PBXGroup;
			children = (
				3EDA5BC02D88299D00083DB6 /* NotesApp.swift */,
				3EDA5BC22D88299D00083DB6 /* ContentView.swift */,
				3EDA5BC42D88299E00083DB6 /* Assets.xcassets */,
				3EDA5BC62D88299E00083DB6 /* Preview Content */,
				3EE853BC2D897875007088B0 /* CoreDataStack.swift */,
			);
			path = Notes;
			sourceTree = "<group>";
		};
		3EDA5BC62D88299E00083DB6 /* Preview Content */ = {
			isa = PBXGroup;
			children = (
				3EDA5BC72D88299E00083DB6 /* Preview Assets.xcassets */,
			);
			path = "Preview Content";
			sourceTree = "<group>";
		};
		3EDA5BD02D88299F00083DB6 /* NotesTests */ = {
			isa = PBXGroup;
			children = (
				3EDA5BD12D88299F00083DB6 /* NotesTests.swift */,
			);
			path = NotesTests;
			sourceTree = "<group>";
		};
		3EDA5BDA2D88299F00083DB6 /* NotesUITests */ = {
			isa = PBXGroup;
			children = (
				3EDA5BDB2D88299F00083DB6 /* NotesUITests.swift */,
				3EDA5BDD2D88299F00083DB6 /* NotesUITestsLaunchTests.swift */,
			);
			path = NotesUITests;
			sourceTree = "<group>";
		};
/* End PBXGroup section */

/* Begin PBXNativeTarget section */
		3EDA5BBC2D88299D00083DB6 /* Notes */ = {
			isa = PBXNativeTarget;
			buildConfigurationList = 3EDA5BE12D88299F00083DB6 /* Build configuration list for PBXNativeTarget "Notes" */;
			buildPhases = (
				3EDA5BB92D88299D00083DB6 /* Sources */,
				3EDA5BBA2D88299D00083DB6 /* Frameworks */,
				3EDA5BBB2D88299D00083DB6 /* Resources */,
			);
			buildRules = (
			);
			dependencies = (
			);
			name = Notes;
			productName = Notes;
			productReference = 3EDA5BBD2D88299D00083DB6 /* Notes.app */;
			productType = "com.apple.product-type.application";
		};
		3EDA5BCC2D88299F00083DB6 /* NotesTests */ = {
			isa = PBXNativeTarget;
			buildConfigurationList = 3EDA5BE42D88299F00083DB6 /* Build configuration list for PBXNativeTarget "NotesTests" */;
			buildPhases = (
				3EDA5BC92D88299F00083DB6 /* Sources */,
				3EDA5BCA2D88299F00083DB6 /* Frameworks */,
				3EDA5BCB2D88299F00083DB6 /* Resources */,
			);
			buildRules = (
			);
			dependencies = (
				3EDA5BCF2D88299F00083DB6 /* PBXTargetDependency */,
			);
			name = NotesTests;
			productName = NotesTests;
			productReference = 3EDA5BCD2D88299F00083DB6 /* NotesTests.xctest */;
			productType = "com.apple.product-type.bundle.unit-test";
		};
		3EDA5BD62D88299F00083DB6 /* NotesUITests */ = {
			isa = PBXNativeTarget;
			buildConfigurationList = 3EDA5BE72D88299F00083DB6 /* Build configuration list for PBXNativeTarget "NotesUITests" */;
			buildPhases = (
				3EDA5BD32D88299F00083DB6 /* Sources */,
				3EDA5BD42D88299F00083DB6 /* Frameworks */,
				3EDA5BD52D88299F00083DB6 /* Resources */,
			);
			buildRules = (
			);
			dependencies = (
				3EDA5BD92D88299F00083DB6 /* PBXTargetDependency */,
			);
			name = NotesUITests;
			productName = NotesUITests;
			productReference = 3EDA5BD72D88299F00083DB6 /* NotesUITests.xctest */;
			productType = "com.apple.product-type.bundle.ui-testing";
		};
/* End PBXNativeTarget section */

/* Begin PBXProject section */
		3EDA5BB52D88299C00083DB6 /* Project object */ = {
			isa = PBXProject;
			attributes = {
				BuildIndependentTargetsInParallel = 1;
				LastSwiftUpdateCheck = 1540;
				LastUpgradeCheck = 1540;
				TargetAttributes = {
					3EDA5BBC2D88299D00083DB6 = {
						CreatedOnToolsVersion = 15.4;
					};
					3EDA5BCC2D88299F00083DB6 = {
						CreatedOnToolsVersion = 15.4;
						TestTargetID = 3EDA5BBC2D88299D00083DB6;
					};
					3EDA5BD62D88299F00083DB6 = {
						CreatedOnToolsVersion = 15.4;
						TestTargetID = 3EDA5BBC2D88299D00083DB6;
					};
				};
			};
			buildConfigurationList = 3EDA5BB82D88299C00083DB6 /* Build configuration list for PBXProject "Notes" */;
			compatibilityVersion = "Xcode 14.0";
			developmentRegion = en;
			hasScannedForEncodings = 0;
			knownRegions = (
				en,
				Base,
			);
			mainGroup = 3EDA5BB42D88299C00083DB6;
			productRefGroup = 3EDA5BBE2D88299D00083DB6 /* Products */;
			projectDirPath = "";
			projectRoot = "";
			targets = (
				3EDA5BBC2D88299D00083DB6 /* Notes */,
				3EDA5BCC2D88299F00083DB6 /* NotesTests */,
				3EDA5BD62D88299F00083DB6 /* NotesUITests */,
			);
		};
/* End PBXProject section */

/* Begin PBXResourcesBuildPhase section */
		3EDA5BBB2D88299D00083DB6 /* Resources */ = {
			isa = PBXResourcesBuildPhase;
			buildActionMask = 2147483647;
			files = (
				3EDA5BC82D88299E00083DB6 /* Preview Assets.xcassets in Resources */,
				3EDA5BC52D88299E00083DB6 /* Assets.xcassets in Resources */,
			);
			runOnlyForDeploymentPostprocessing = 0;
		};
		3EDA5BCB2D88299F00083DB6 /* Resources */ = {
			isa = PBXResourcesBuildPhase;
			buildActionMask = 2147483647;
			files = (
			);
			runOnlyForDeploymentPostprocessing = 0;
		};
		3EDA5BD52D88299F00083DB6 /* Resources */ = {
			isa = PBXResourcesBuildPhase;
			buildActionMask = 2147483647;
			files = (
			);
			runOnlyForDeploymentPostprocessing = 0;
		};
/* End PBXResourcesBuildPhase section */

/* Begin PBXSourcesBuildPhase section */
		3EDA5BB92D88299D00083DB6 /* Sources */ = {
			isa = PBXSourcesBuildPhase;
			buildActionMask = 2147483647;
			files = (
				3EDA5BC32D88299D00083DB6 /* ContentView.swift in Sources */,
				3EDA5BEB2D883D2600083DB6 /* CoreDataNotesViewModel.swift in Sources */,
				3EDA5BC12D88299D00083DB6 /* NotesApp.swift in Sources */,
				3EE853BD2D897875007088B0 /* CoreDataStack.swift in Sources */,
				3EE853B72D896732007088B0 /* Notes.xcdatamodeld in Sources */,
				3EE853B92D8968E1007088B0 /* PersistenceController.swift in Sources */,
			);
			runOnlyForDeploymentPostprocessing = 0;
		};
		3EDA5BC92D88299F00083DB6 /* Sources */ = {
			isa = PBXSourcesBuildPhase;
			buildActionMask = 2147483647;
			files = (
				3EDA5BD22D88299F00083DB6 /* NotesTests.swift in Sources */,
			);
			runOnlyForDeploymentPostprocessing = 0;
		};
		3EDA5BD32D88299F00083DB6 /* Sources */ = {
			isa = PBXSourcesBuildPhase;
			buildActionMask = 2147483647;
			files = (
				3EDA5BDE2D88299F00083DB6 /* NotesUITestsLaunchTests.swift in Sources */,
				3EDA5BDC2D88299F00083DB6 /* NotesUITests.swift in Sources */,
			);
			runOnlyForDeploymentPostprocessing = 0;
		};
/* End PBXSourcesBuildPhase section */

/* Begin PBXTargetDependency section */
		3EDA5BCF2D88299F00083DB6 /* PBXTargetDependency */ = {
			isa = PBXTargetDependency;
			target = 3EDA5BBC2D88299D00083DB6 /* Notes */;
			targetProxy = 3EDA5BCE2D88299F00083DB6 /* PBXContainerItemProxy */;
		};
		3EDA5BD92D88299F00083DB6 /* PBXTargetDependency */ = {
			isa = PBXTargetDependency;
			target = 3EDA5BBC2D88299D00083DB6 /* Notes */;
			targetProxy = 3EDA5BD82D88299F00083DB6 /* PBXContainerItemProxy */;
		};
/* End PBXTargetDependency section */

/* Begin XCBuildConfiguration section */
		3EDA5BDF2D88299F00083DB6 /* Debug */ = {
			isa = XCBuildConfiguration;
			buildSettings = {
				ALWAYS_SEARCH_USER_PATHS = NO;
				ASSETCATALOG_COMPILER_GENERATE_SWIFT_ASSET_SYMBOL_EXTENSIONS = YES;
				CLANG_ANALYZER_NONNULL = YES;
				CLANG_ANALYZER_NUMBER_OBJECT_CONVERSION = YES_AGGRESSIVE;
				CLANG_CXX_LANGUAGE_STANDARD = "gnu++20";
				CLANG_ENABLE_MODULES = YES;
				CLANG_ENABLE_OBJC_ARC = YES;
				CLANG_ENABLE_OBJC_WEAK = YES;
				CLANG_WARN_BLOCK_CAPTURE_AUTORELEASING = YES;
				CLANG_WARN_BOOL_CONVERSION = YES;
				CLANG_WARN_COMMA = YES;
				CLANG_WARN_CONSTANT_CONVERSION = YES;
				CLANG_WARN_DEPRECATED_OBJC_IMPLEMENTATIONS = YES;
				CLANG_WARN_DIRECT_OBJC_ISA_USAGE = YES_ERROR;
				CLANG_WARN_DOCUMENTATION_COMMENTS = YES;
				CLANG_WARN_EMPTY_BODY = YES;
				CLANG_WARN_ENUM_CONVERSION = YES;
				CLANG_WARN_INFINITE_RECURSION = YES;
				CLANG_WARN_INT_CONVERSION = YES;
				CLANG_WARN_NON_LITERAL_NULL_CONVERSION = YES;
				CLANG_WARN_OBJC_IMPLICIT_RETAIN_SELF = YES;
				CLANG_WARN_OBJC_LITERAL_CONVERSION = YES;
				CLANG_WARN_OBJC_ROOT_CLASS = YES_ERROR;
				CLANG_WARN_QUOTED_INCLUDE_IN_FRAMEWORK_HEADER = YES;
				CLANG_WARN_RANGE_LOOP_ANALYSIS = YES;
				CLANG_WARN_STRICT_PROTOTYPES = YES;
				CLANG_WARN_SUSPICIOUS_MOVE = YES;
				CLANG_WARN_UNGUARDED_AVAILABILITY = YES_AGGRESSIVE;
				CLANG_WARN_UNREACHABLE_CODE = YES;
				CLANG_WARN__DUPLICATE_METHOD_MATCH = YES;
				COPY_PHASE_STRIP = NO;
				DEBUG_INFORMATION_FORMAT = dwarf;
				ENABLE_STRICT_OBJC_MSGSEND = YES;
				ENABLE_TESTABILITY = YES;
				ENABLE_USER_SCRIPT_SANDBOXING = YES;
				GCC_C_LANGUAGE_STANDARD = gnu17;
				GCC_DYNAMIC_NO_PIC = NO;
				GCC_NO_COMMON_BLOCKS = YES;
				GCC_OPTIMIZATION_LEVEL = 0;
				GCC_PREPROCESSOR_DEFINITIONS = (
					"DEBUG=1",
					"$(inherited)",
				);
				GCC_WARN_64_TO_32_BIT_CONVERSION = YES;
				GCC_WARN_ABOUT_RETURN_TYPE = YES_ERROR;
				GCC_WARN_UNDECLARED_SELECTOR = YES;
				GCC_WARN_UNINITIALIZED_AUTOS = YES_AGGRESSIVE;
				GCC_WARN_UNUSED_FUNCTION = YES;
				GCC_WARN_UNUSED_VARIABLE = YES;
				IPHONEOS_DEPLOYMENT_TARGET = 17.5;
				LOCALIZATION_PREFERS_STRING_CATALOGS = YES;
				MTL_ENABLE_DEBUG_INFO = INCLUDE_SOURCE;
				MTL_FAST_MATH = YES;
				ONLY_ACTIVE_ARCH = YES;
				SDKROOT = iphoneos;
				SWIFT_ACTIVE_COMPILATION_CONDITIONS = "DEBUG $(inherited)";
				SWIFT_OPTIMIZATION_LEVEL = "-Onone";
			};
			name = Debug;
		};
		3EDA5BE02D88299F00083DB6 /* Release */ = {
			isa = XCBuildConfiguration;
			buildSettings = {
				ALWAYS_SEARCH_USER_PATHS = NO;
				ASSETCATALOG_COMPILER_GENERATE_SWIFT_ASSET_SYMBOL_EXTENSIONS = YES;
				CLANG_ANALYZER_NONNULL = YES;
				CLANG_ANALYZER_NUMBER_OBJECT_CONVERSION = YES_AGGRESSIVE;
				CLANG_CXX_LANGUAGE_STANDARD = "gnu++20";
				CLANG_ENABLE_MODULES = YES;
				CLANG_ENABLE_OBJC_ARC = YES;
				CLANG_ENABLE_OBJC_WEAK = YES;
				CLANG_WARN_BLOCK_CAPTURE_AUTORELEASING = YES;
				CLANG_WARN_BOOL_CONVERSION = YES;
				CLANG_WARN_COMMA = YES;
				CLANG_WARN_CONSTANT_CONVERSION = YES;
				CLANG_WARN_DEPRECATED_OBJC_IMPLEMENTATIONS = YES;
				CLANG_WARN_DIRECT_OBJC_ISA_USAGE = YES_ERROR;
				CLANG_WARN_DOCUMENTATION_COMMENTS = YES;
				CLANG_WARN_EMPTY_BODY = YES;
				CLANG_WARN_ENUM_CONVERSION = YES;
				CLANG_WARN_INFINITE_RECURSION = YES;
				CLANG_WARN_INT_CONVERSION = YES;
				CLANG_WARN_NON_LITERAL_NULL_CONVERSION = YES;
				CLANG_WARN_OBJC_IMPLICIT_RETAIN_SELF = YES;
				CLANG_WARN_OBJC_LITERAL_CONVERSION = YES;
				CLANG_WARN_OBJC_ROOT_CLASS = YES_ERROR;
				CLANG_WARN_QUOTED_INCLUDE_IN_FRAMEWORK_HEADER = YES;
				CLANG_WARN_RANGE_LOOP_ANALYSIS = YES;
				CLANG_WARN_STRICT_PROTOTYPES = YES;
				CLANG_WARN_SUSPICIOUS_MOVE = YES;
				CLANG_WARN_UNGUARDED_AVAILABILITY = YES_AGGRESSIVE;
				CLANG_WARN_UNREACHABLE_CODE = YES;
				CLANG_WARN__DUPLICATE_METHOD_MATCH = YES;
				COPY_PHASE_STRIP = NO;
				DEBUG_INFORMATION_FORMAT = "dwarf-with-dsym";
				ENABLE_NS_ASSERTIONS = NO;
				ENABLE_STRICT_OBJC_MSGSEND = YES;
				ENABLE_USER_SCRIPT_SANDBOXING = YES;
				GCC_C_LANGUAGE_STANDARD = gnu17;
				GCC_NO_COMMON_BLOCKS = YES;
				GCC_WARN_64_TO_32_BIT_CONVERSION = YES;
				GCC_WARN_ABOUT_RETURN_TYPE = YES_ERROR;
				GCC_WARN_UNDECLARED_SELECTOR = YES;
				GCC_WARN_UNINITIALIZED_AUTOS = YES_AGGRESSIVE;
				GCC_WARN_UNUSED_FUNCTION = YES;
				GCC_WARN_UNUSED_VARIABLE = YES;
				IPHONEOS_DEPLOYMENT_TARGET = 17.5;
				LOCALIZATION_PREFERS_STRING_CATALOGS = YES;
				MTL_ENABLE_DEBUG_INFO = NO;
				MTL_FAST_MATH = YES;
				SDKROOT = iphoneos;
				SWIFT_COMPILATION_MODE = wholemodule;
				VALIDATE_PRODUCT = YES;
			};
			name = Release;
		};
		3EDA5BE22D88299F00083DB6 /* Debug */ = {
			isa = XCBuildConfiguration;
			buildSettings = {
				ASSETCATALOG_COMPILER_APPICON_NAME = AppIcon;
				ASSETCATALOG_COMPILER_GLOBAL_ACCENT_COLOR_NAME = AccentColor;
				CODE_SIGN_STYLE = Automatic;
				CREATE_INFOPLIST_SECTION_IN_BINARY = NO;
				CURRENT_PROJECT_VERSION = 1;
				DEVELOPMENT_ASSET_PATHS = "\"Notes/Preview Content\"";
				ENABLE_PREVIEWS = YES;
				GENERATE_INFOPLIST_FILE = YES;
				INFOPLIST_KEY_UIApplicationSceneManifest_Generation = YES;
				INFOPLIST_KEY_UIApplicationSupportsIndirectInputEvents = YES;
				INFOPLIST_KEY_UILaunchScreen_Generation = YES;
				INFOPLIST_KEY_UISupportedInterfaceOrientations_iPad = "UIInterfaceOrientationPortrait UIInterfaceOrientationPortraitUpsideDown UIInterfaceOrientationLandscapeLeft UIInterfaceOrientationLandscapeRight";
				INFOPLIST_KEY_UISupportedInterfaceOrientations_iPhone = "UIInterfaceOrientationPortrait UIInterfaceOrientationLandscapeLeft UIInterfaceOrientationLandscapeRight";
				LD_RUNPATH_SEARCH_PATHS = (
					"$(inherited)",
					"@executable_path/Frameworks",
				);
				MARKETING_VERSION = 1.0;
				PRODUCT_BUNDLE_IDENTIFIER = com.shreyas.Notes;
				PRODUCT_NAME = "$(TARGET_NAME)";
				SWIFT_EMIT_LOC_STRINGS = YES;
				SWIFT_VERSION = 5.0;
				TARGETED_DEVICE_FAMILY = "1,2";
			};
			name = Debug;
		};
		3EDA5BE32D88299F00083DB6 /* Release */ = {
			isa = XCBuildConfiguration;
			buildSettings = {
				ASSETCATALOG_COMPILER_APPICON_NAME = AppIcon;
				ASSETCATALOG_COMPILER_GLOBAL_ACCENT_COLOR_NAME = AccentColor;
				CODE_SIGN_STYLE = Automatic;
				CREATE_INFOPLIST_SECTION_IN_BINARY = NO;
				CURRENT_PROJECT_VERSION = 1;
				DEVELOPMENT_ASSET_PATHS = "\"Notes/Preview Content\"";
				ENABLE_PREVIEWS = YES;
				GENERATE_INFOPLIST_FILE = YES;
				INFOPLIST_KEY_UIApplicationSceneManifest_Generation = YES;
				INFOPLIST_KEY_UIApplicationSupportsIndirectInputEvents = YES;
				INFOPLIST_KEY_UILaunchScreen_Generation = YES;
				INFOPLIST_KEY_UISupportedInterfaceOrientations_iPad = "UIInterfaceOrientationPortrait UIInterfaceOrientationPortraitUpsideDown UIInterfaceOrientationLandscapeLeft UIInterfaceOrientationLandscapeRight";
				INFOPLIST_KEY_UISupportedInterfaceOrientations_iPhone = "UIInterfaceOrientationPortrait UIInterfaceOrientationLandscapeLeft UIInterfaceOrientationLandscapeRight";
				LD_RUNPATH_SEARCH_PATHS = (
					"$(inherited)",
					"@executable_path/Frameworks",
				);
				MARKETING_VERSION = 1.0;
				PRODUCT_BUNDLE_IDENTIFIER = com.shreyas.Notes;
				PRODUCT_NAME = "$(TARGET_NAME)";
				SWIFT_EMIT_LOC_STRINGS = YES;
				SWIFT_VERSION = 5.0;
				TARGETED_DEVICE_FAMILY = "1,2";
			};
			name = Release;
		};
		3EDA5BE52D88299F00083DB6 /* Debug */ = {
			isa = XCBuildConfiguration;
			buildSettings = {
				ALWAYS_EMBED_SWIFT_STANDARD_LIBRARIES = YES;
				BUNDLE_LOADER = "$(TEST_HOST)";
				CODE_SIGN_STYLE = Automatic;
				CURRENT_PROJECT_VERSION = 1;
				GENERATE_INFOPLIST_FILE = YES;
				IPHONEOS_DEPLOYMENT_TARGET = 17.5;
				MARKETING_VERSION = 1.0;
				PRODUCT_BUNDLE_IDENTIFIER = com.shreyassuresh.NotesTests;
				PRODUCT_NAME = "$(TARGET_NAME)";
				SWIFT_EMIT_LOC_STRINGS = NO;
				SWIFT_VERSION = 5.0;
				TARGETED_DEVICE_FAMILY = "1,2";
				TEST_HOST = "$(BUILT_PRODUCTS_DIR)/Notes.app/$(BUNDLE_EXECUTABLE_FOLDER_PATH)/Notes";
			};
			name = Debug;
		};
		3EDA5BE62D88299F00083DB6 /* Release */ = {
			isa = XCBuildConfiguration;
			buildSettings = {
				ALWAYS_EMBED_SWIFT_STANDARD_LIBRARIES = YES;
				BUNDLE_LOADER = "$(TEST_HOST)";
				CODE_SIGN_STYLE = Automatic;
				CURRENT_PROJECT_VERSION = 1;
				GENERATE_INFOPLIST_FILE = YES;
				IPHONEOS_DEPLOYMENT_TARGET = 17.5;
				MARKETING_VERSION = 1.0;
				PRODUCT_BUNDLE_IDENTIFIER = com.shreyassuresh.NotesTests;
				PRODUCT_NAME = "$(TARGET_NAME)";
				SWIFT_EMIT_LOC_STRINGS = NO;
				SWIFT_VERSION = 5.0;
				TARGETED_DEVICE_FAMILY = "1,2";
				TEST_HOST = "$(BUILT_PRODUCTS_DIR)/Notes.app/$(BUNDLE_EXECUTABLE_FOLDER_PATH)/Notes";
			};
			name = Release;
		};
		3EDA5BE82D88299F00083DB6 /* Debug */ = {
			isa = XCBuildConfiguration;
			buildSettings = {
				ALWAYS_EMBED_SWIFT_STANDARD_LIBRARIES = YES;
				CODE_SIGN_STYLE = Automatic;
				CURRENT_PROJECT_VERSION = 1;
				GENERATE_INFOPLIST_FILE = YES;
				MARKETING_VERSION = 1.0;
				PRODUCT_BUNDLE_IDENTIFIER = com.shreyassuresh.NotesUITests;
				PRODUCT_NAME = "$(TARGET_NAME)";
				SWIFT_EMIT_LOC_STRINGS = NO;
				SWIFT_VERSION = 5.0;
				TARGETED_DEVICE_FAMILY = "1,2";
				TEST_TARGET_NAME = Notes;
			};
			name = Debug;
		};
		3EDA5BE92D88299F00083DB6 /* Release */ = {
			isa = XCBuildConfiguration;
			buildSettings = {
				ALWAYS_EMBED_SWIFT_STANDARD_LIBRARIES = YES;
				CODE_SIGN_STYLE = Automatic;
				CURRENT_PROJECT_VERSION = 1;
				GENERATE_INFOPLIST_FILE = YES;
				MARKETING_VERSION = 1.0;
				PRODUCT_BUNDLE_IDENTIFIER = com.shreyassuresh.NotesUITests;
				PRODUCT_NAME = "$(TARGET_NAME)";
				SWIFT_EMIT_LOC_STRINGS = NO;
				SWIFT_VERSION = 5.0;
				TARGETED_DEVICE_FAMILY = "1,2";
				TEST_TARGET_NAME = Notes;
			};
			name = Release;
		};
/* End XCBuildConfiguration section */

/* Begin XCConfigurationList section */
		3EDA5BB82D88299C00083DB6 /* Build configuration list for PBXProject "Notes" */ = {
			isa = XCConfigurationList;
			buildConfigurations = (
				3EDA5BDF2D88299F00083DB6 /* Debug */,
				3EDA5BE02D88299F00083DB6 /* Release */,
			);
			defaultConfigurationIsVisible = 0;
			defaultConfigurationName = Release;
		};
		3EDA5BE12D88299F00083DB6 /* Build configuration list for PBXNativeTarget "Notes" */ = {
			isa = XCConfigurationList;
			buildConfigurations = (
				3EDA5BE22D88299F00083DB6 /* Debug */,
				3EDA5BE32D88299F00083DB6 /* Release */,
			);
			defaultConfigurationIsVisible = 0;
			defaultConfigurationName = Release;
		};
		3EDA5BE42D88299F00083DB6 /* Build configuration list for PBXNativeTarget "NotesTests" */ = {
			isa = XCConfigurationList;
			buildConfigurations = (
				3EDA5BE52D88299F00083DB6 /* Debug */,
				3EDA5BE62D88299F00083DB6 /* Release */,
			);
			defaultConfigurationIsVisible = 0;
			defaultConfigurationName = Release;
		};
		3EDA5BE72D88299F00083DB6 /* Build configuration list for PBXNativeTarget "NotesUITests" */ = {
			isa = XCConfigurationList;
			buildConfigurations = (
				3EDA5BE82D88299F00083DB6 /* Debug */,
				3EDA5BE92D88299F00083DB6 /* Release */,
			);
			defaultConfigurationIsVisible = 0;
			defaultConfigurationName = Release;
		};
/* End XCConfigurationList section */

/* Begin XCVersionGroup section */
		3EE853B52D896732007088B0 /* Notes.xcdatamodeld */ = {
			isa = XCVersionGroup;
			children = (
				3EE853B62D896732007088B0 /* Notes.xcdatamodel */,
			);
			currentVersion = 3EE853B62D896732007088B0 /* Notes.xcdatamodel */;
			name = Notes.xcdatamodeld;
			path = "/Users/teachers/Desktop/IOS Community/Notes/Notes.xcdatamodeld";
			sourceTree = "<group>";
			versionGroupType = wrapper.xcdatamodel;
		};
/* End XCVersionGroup section */
	};
	rootObject = 3EDA5BB52D88299C00083DB6 /* Project object */;
}
